// !$*UTF8*$!
{
	archiveVersion = 1;
	classes = {
	};
	objectVersion = 77;
	objects = {

/* Begin PBXBuildFile section */
		11CD632230B7400670CEFFC8 /* SampleData.swift in Sources */ = {isa = PBXBuildFile; fileRef = 055BBB40A64B448CFC70A1FF /* SampleData.swift */; };
		31AB5FD3EEA24DD2A06F75B8 /* HomeView.swift in Sources */ = {isa = PBXBuildFile; fileRef = 32F798C91C8348DB06C3AFE5 /* HomeView.swift */; };
		343987956BAB9D90269A3A05 /* LibraryStore.swift in Sources */ = {isa = PBXBuildFile; fileRef = 2F921DF436A201E5E30C2527 /* LibraryStore.swift */; };
		5007E9366424709DEBCEDCF7 /* PKCE.swift in Sources */ = {isa = PBXBuildFile; fileRef = 9CAC357319C2EB58FDD95138 /* PKCE.swift */; };
		519007480FE4DA19E60C3D4D /* Components.swift in Sources */ = {isa = PBXBuildFile; fileRef = B6077B53A716C4C9707F0B4D /* Components.swift */; };
		55565CDD5E6594F6AF7CDAC5 /* PlayerManager.swift in Sources */ = {isa = PBXBuildFile; fileRef = 8D9E47EC0CC750B9A6F48F2C /* PlayerManager.swift */; };
		83CAAD95905B1779C9ED5C7A /* RootView.swift in Sources */ = {isa = PBXBuildFile; fileRef = AE95AE8EA99EB31F9CE2D06C /* RootView.swift */; };
		861AFA475498D4655847FD54 /* SpotifyAPI.swift in Sources */ = {isa = PBXBuildFile; fileRef = 698ECAD27D0B06FC104878DC /* SpotifyAPI.swift */; };
		90B67186AF43802180483DD9 /* SpotifyConfig.swift in Sources */ = {isa = PBXBuildFile; fileRef = 70531C0CBEC205890DDF440A /* SpotifyConfig.swift */; };
		9A1BB7F8F550CDD0A1D9B174 /* PlaybackTestView.swift in Sources */ = {isa = PBXBuildFile; fileRef = 60A73919D7BA1AB3BD998AC6 /* PlaybackTestView.swift */; };
		A1D7DC7DA384A5A22516F889 /* LibraryView.swift in Sources */ = {isa = PBXBuildFile; fileRef = ABC856203CAD985E07B8FD41 /* LibraryView.swift */; };
		A3BAAC4BA11568F47B18AD50 /* SwiftifyApp.swift in Sources */ = {isa = PBXBuildFile; fileRef = 45DF5A479CF2A69090A0D2FA /* SwiftifyApp.swift */; };
		A9F7C2525563870D3BB54F3A /* SearchView.swift in Sources */ = {isa = PBXBuildFile; fileRef = 5A2845162E089807930C2FF0 /* SearchView.swift */; };
		B74A59072BF12ED2D55F0AE9 /* AuthManager.swift in Sources */ = {isa = PBXBuildFile; fileRef = DB8AB62131834C889BBB1EB2 /* AuthManager.swift */; };
		D43019C252028289DC589E1D /* CreateSheet.swift in Sources */ = {isa = PBXBuildFile; fileRef = E63152471936FB65D84D134F /* CreateSheet.swift */; };
		DB5A83FE33457199874C0294 /* Player.swift in Sources */ = {isa = PBXBuildFile; fileRef = 9253737EC9EB49D97054D3CF /* Player.swift */; };
		E4784CE70D390825F6EB3191 /* TokenStore.swift in Sources */ = {isa = PBXBuildFile; fileRef = C187B116A8622056CC4AA47E /* TokenStore.swift */; };
		E7DF497C9E42390C4E4987E9 /* Models.swift in Sources */ = {isa = PBXBuildFile; fileRef = 8FE4B8428835DB9F4BD3001D /* Models.swift */; };
		F38BDB36147DC11AA93DB29C /* DetailViews.swift in Sources */ = {isa = PBXBuildFile; fileRef = AF0AAB1F34BACA7B0F3F5353 /* DetailViews.swift */; };
/* End PBXBuildFile section */

/* Begin PBXFileReference section */
		055BBB40A64B448CFC70A1FF /* SampleData.swift */ = {isa = PBXFileReference; lastKnownFileType = sourcecode.swift; path = SampleData.swift; sourceTree = "<group>"; };
		2F921DF436A201E5E30C2527 /* LibraryStore.swift */ = {isa = PBXFileReference; lastKnownFileType = sourcecode.swift; path = LibraryStore.swift; sourceTree = "<group>"; };
		32F798C91C8348DB06C3AFE5 /* HomeView.swift */ = {isa = PBXFileReference; lastKnownFileType = sourcecode.swift; path = HomeView.swift; sourceTree = "<group>"; };
		45DF5A479CF2A69090A0D2FA /* SwiftifyApp.swift */ = {isa = PBXFileReference; lastKnownFileType = sourcecode.swift; path = SwiftifyApp.swift; sourceTree = "<group>"; };
		5A2845162E089807930C2FF0 /* SearchView.swift */ = {isa = PBXFileReference; lastKnownFileType = sourcecode.swift; path = SearchView.swift; sourceTree = "<group>"; };
		60A73919D7BA1AB3BD998AC6 /* PlaybackTestView.swift */ = {isa = PBXFileReference; lastKnownFileType = sourcecode.swift; path = PlaybackTestView.swift; sourceTree = "<group>"; };
		698ECAD27D0B06FC104878DC /* SpotifyAPI.swift */ = {isa = PBXFileReference; lastKnownFileType = sourcecode.swift; path = SpotifyAPI.swift; sourceTree = "<group>"; };
		70531C0CBEC205890DDF440A /* SpotifyConfig.swift */ = {isa = PBXFileReference; lastKnownFileType = sourcecode.swift; path = SpotifyConfig.swift; sourceTree = "<group>"; };
		8D9E47EC0CC750B9A6F48F2C /* PlayerManager.swift */ = {isa = PBXFileReference; lastKnownFileType = sourcecode.swift; path = PlayerManager.swift; sourceTree = "<group>"; };
		8EBBAD4CA1D80BCF47C42430 /* Swiftify.app */ = {isa = PBXFileReference; includeInIndex = 0; lastKnownFileType = wrapper.application; path = Swiftify.app; sourceTree = BUILT_PRODUCTS_DIR; };
		8FE4B8428835DB9F4BD3001D /* Models.swift */ = {isa = PBXFileReference; lastKnownFileType = sourcecode.swift; path = Models.swift; sourceTree = "<group>"; };
		9253737EC9EB49D97054D3CF /* Player.swift */ = {isa = PBXFileReference; lastKnownFileType = sourcecode.swift; path = Player.swift; sourceTree = "<group>"; };
		9CAC357319C2EB58FDD95138 /* PKCE.swift */ = {isa = PBXFileReference; lastKnownFileType = sourcecode.swift; path = PKCE.swift; sourceTree = "<group>"; };
		ABC856203CAD985E07B8FD41 /* LibraryView.swift */ = {isa = PBXFileReference; lastKnownFileType = sourcecode.swift; path = LibraryView.swift; sourceTree = "<group>"; };
		AE95AE8EA99EB31F9CE2D06C /* RootView.swift */ = {isa = PBXFileReference; lastKnownFileType = sourcecode.swift; path = RootView.swift; sourceTree = "<group>"; };
		AF0AAB1F34BACA7B0F3F5353 /* DetailViews.swift */ = {isa = PBXFileReference; lastKnownFileType = sourcecode.swift; path = DetailViews.swift; sourceTree = "<group>"; };
		B6077B53A716C4C9707F0B4D /* Components.swift */ = {isa = PBXFileReference; lastKnownFileType = sourcecode.swift; path = Components.swift; sourceTree = "<group>"; };
		C187B116A8622056CC4AA47E /* TokenStore.swift */ = {isa = PBXFileReference; lastKnownFileType = sourcecode.swift; path = TokenStore.swift; sourceTree = "<group>"; };
		DB8AB62131834C889BBB1EB2 /* AuthManager.swift */ = {isa = PBXFileReference; lastKnownFileType = sourcecode.swift; path = AuthManager.swift; sourceTree = "<group>"; };
		E63152471936FB65D84D134F /* CreateSheet.swift */ = {isa = PBXFileReference; lastKnownFileType = sourcecode.swift; path = CreateSheet.swift; sourceTree = "<group>"; };
/* End PBXFileReference section */

/* Begin PBXGroup section */
		14C49127DEFC66E8A7ADEB3B /* Models */ = {
			isa = PBXGroup;
			children = (
				8FE4B8428835DB9F4BD3001D /* Models.swift */,
			);
			path = Models;
			sourceTree = "<group>";
		};
		1601294639E349D2F75944F3 /* Auth */ = {
			isa = PBXGroup;
			children = (
				DB8AB62131834C889BBB1EB2 /* AuthManager.swift */,
				9CAC357319C2EB58FDD95138 /* PKCE.swift */,
				70531C0CBEC205890DDF440A /* SpotifyConfig.swift */,
				C187B116A8622056CC4AA47E /* TokenStore.swift */,
			);
			path = Auth;
			sourceTree = "<group>";
		};
		430CBD2BBB378A424C2E71D9 /* Player */ = {
			isa = PBXGroup;
			children = (
				8D9E47EC0CC750B9A6F48F2C /* PlayerManager.swift */,
			);
			path = Player;
			sourceTree = "<group>";
		};
		4AC326290425455771E49CAF /* UI */ = {
			isa = PBXGroup;
			children = (
				B6077B53A716C4C9707F0B4D /* Components.swift */,
				E63152471936FB65D84D134F /* CreateSheet.swift */,
				AF0AAB1F34BACA7B0F3F5353 /* DetailViews.swift */,
				32F798C91C8348DB06C3AFE5 /* HomeView.swift */,
				ABC856203CAD985E07B8FD41 /* LibraryView.swift */,
				9253737EC9EB49D97054D3CF /* Player.swift */,
				5A2845162E089807930C2FF0 /* SearchView.swift */,
			);
			path = UI;
			sourceTree = "<group>";
		};
		71281DD93A82B804039C1E1B = {
			isa = PBXGroup;
			children = (
				C03DF7D8AA1F2DB233741533 /* Sources */,
				9F7C558FB7D7685AA03F29F0 /* Products */,
			);
			sourceTree = "<group>";
		};
		844D1534E9A3A12049465C1D /* API */ = {
			isa = PBXGroup;
			children = (
				698ECAD27D0B06FC104878DC /* SpotifyAPI.swift */,
			);
			path = API;
			sourceTree = "<group>";
		};
		9F7C558FB7D7685AA03F29F0 /* Products */ = {
			isa = PBXGroup;
			children = (
				8EBBAD4CA1D80BCF47C42430 /* Swiftify.app */,
			);
			name = Products;
			sourceTree = "<group>";
		};
		A0D2E2023535603B5F031A36 /* Library */ = {
			isa = PBXGroup;
			children = (
				2F921DF436A201E5E30C2527 /* LibraryStore.swift */,
			);
			path = Library;
			sourceTree = "<group>";
		};
		A5F67F56B92463043E2619CB /* App */ = {
			isa = PBXGroup;
			children = (
				60A73919D7BA1AB3BD998AC6 /* PlaybackTestView.swift */,
				AE95AE8EA99EB31F9CE2D06C /* RootView.swift */,
				055BBB40A64B448CFC70A1FF /* SampleData.swift */,
				45DF5A479CF2A69090A0D2FA /* SwiftifyApp.swift */,
			);
			path = App;
			sourceTree = "<group>";
		};
		C03DF7D8AA1F2DB233741533 /* Sources */ = {
			isa = PBXGroup;
			children = (
				844D1534E9A3A12049465C1D /* API */,
				A5F67F56B92463043E2619CB /* App */,
				1601294639E349D2F75944F3 /* Auth */,
				A0D2E2023535603B5F031A36 /* Library */,
				14C49127DEFC66E8A7ADEB3B /* Models */,
				430CBD2BBB378A424C2E71D9 /* Player */,
				4AC326290425455771E49CAF /* UI */,
			);
			path = Sources;
			sourceTree = "<group>";
		};
/* End PBXGroup section */

/* Begin PBXNativeTarget section */
		01E607DA0CB56A346EA4A7E8 /* Swiftify */ = {
			isa = PBXNativeTarget;
			buildConfigurationList = B952AB3A61690EF0EBD22171 /* Build configuration list for PBXNativeTarget "Swiftify" */;
			buildPhases = (
				053251AC81BC3ED935DF0356 /* Sources */,
			);
			buildRules = (
			);
			dependencies = (
			);
			name = Swiftify;
			packageProductDependencies = (
			);
			productName = Swiftify;
			productReference = 8EBBAD4CA1D80BCF47C42430 /* Swiftify.app */;
			productType = "com.apple.product-type.application";
		};
/* End PBXNativeTarget section */

/* Begin PBXProject section */
		AE621DF9396F7DD7613C711A /* Project object */ = {
			isa = PBXProject;
			attributes = {
				BuildIndependentTargetsInParallel = YES;
				LastUpgradeCheck = 1430;
				TargetAttributes = {
					01E607DA0CB56A346EA4A7E8 = {
						DevelopmentTeam = YZ78A69UF8;
						ProvisioningStyle = Automatic;
					};
				};
			};
			buildConfigurationList = 012F26313EA904084F192142 /* Build configuration list for PBXProject "Swiftify" */;
			developmentRegion = en;
			hasScannedForEncodings = 0;
			knownRegions = (
				Base,
				en,
			);
			mainGroup = 71281DD93A82B804039C1E1B;
			minimizedProjectReferenceProxies = 1;
			preferredProjectObjectVersion = 77;
			productRefGroup = 9F7C558FB7D7685AA03F29F0 /* Products */;
			projectDirPath = "";
			projectRoot = "";
			targets = (
				01E607DA0CB56A346EA4A7E8 /* Swiftify */,
			);
		};
/* End PBXProject section */

/* Begin PBXSourcesBuildPhase section */
		053251AC81BC3ED935DF0356 /* Sources */ = {
			isa = PBXSourcesBuildPhase;
			buildActionMask = 2147483647;
			files = (
				B74A59072BF12ED2D55F0AE9 /* AuthManager.swift in Sources */,
				519007480FE4DA19E60C3D4D /* Components.swift in Sources */,
				D43019C252028289DC589E1D /* CreateSheet.swift in Sources */,
				F38BDB36147DC11AA93DB29C /* DetailViews.swift in Sources */,
				31AB5FD3EEA24DD2A06F75B8 /* HomeView.swift in Sources */,
				343987956BAB9D90269A3A05 /* LibraryStore.swift in Sources */,
				A1D7DC7DA384A5A22516F889 /* LibraryView.swift in Sources */,
				E7DF497C9E42390C4E4987E9 /* Models.swift in Sources */,
				5007E9366424709DEBCEDCF7 /* PKCE.swift in Sources */,
				9A1BB7F8F550CDD0A1D9B174 /* PlaybackTestView.swift in Sources */,
				DB5A83FE33457199874C0294 /* Player.swift in Sources */,
				55565CDD5E6594F6AF7CDAC5 /* PlayerManager.swift in Sources */,
				83CAAD95905B1779C9ED5C7A /* RootView.swift in Sources */,
				11CD632230B7400670CEFFC8 /* SampleData.swift in Sources */,
				A9F7C2525563870D3BB54F3A /* SearchView.swift in Sources */,
				861AFA475498D4655847FD54 /* SpotifyAPI.swift in Sources */,
				90B67186AF43802180483DD9 /* SpotifyConfig.swift in Sources */,
				A3BAAC4BA11568F47B18AD50 /* SwiftifyApp.swift in Sources */,
				E4784CE70D390825F6EB3191 /* TokenStore.swift in Sources */,
			);
			runOnlyForDeploymentPostprocessing = 0;
		};
/* End PBXSourcesBuildPhase section */

/* Begin XCBuildConfiguration section */
		0865A5140A76B14D283A654F /* Debug */ = {
			isa = XCBuildConfiguration;
			buildSettings = {
				ASSETCATALOG_COMPILER_APPICON_NAME = AppIcon;
				CODE_SIGN_IDENTITY = "iPhone Developer";
				GENERATE_INFOPLIST_FILE = YES;
				INFOPLIST_KEY_CFBundleDisplayName = Swiftify;
				INFOPLIST_KEY_UILaunchScreen_Generation = YES;
				INFOPLIST_KEY_UISupportedInterfaceOrientations_iPhone = UIInterfaceOrientationPortrait;
				LD_RUNPATH_SEARCH_PATHS = (
					"$(inherited)",
					"@executable_path/Frameworks",
				);
				PRODUCT_BUNDLE_IDENTIFIER = com.moritzwendt.swiftify;
				SDKROOT = iphoneos;
				TARGETED_DEVICE_FAMILY = 1;
			};
			name = Debug;
		};
		0CCA2381C0F381239FB45181 /* Release */ = {
			isa = XCBuildConfiguration;
			buildSettings = {
				ALWAYS_SEARCH_USER_PATHS = NO;
				CLANG_ANALYZER_NONNULL = YES;
				CLANG_ANALYZER_NUMBER_OBJECT_CONVERSION = YES_AGGRESSIVE;
				CLANG_CXX_LANGUAGE_STANDARD = "gnu++14";
				CLANG_CXX_LIBRARY = "libc++";
				CLANG_ENABLE_MODULES = YES;
				CLANG_ENABLE_OBJC_ARC = YES;
				CLANG_ENABLE_OBJC_WEAK = YES;
				CLANG_WARN_BLOCK_CAPTURE_AUTORELEASING = YES;
				CLANG_WARN_BOOL_CONVERSION = YES;
				CLANG_WARN_COMMA = YES;
				CLANG_WARN_CONSTANT_CONVERSION = YES;
				CLANG_WARN_DEPRECATED_OBJC_IMPLEMENTATIONS = YES;
				CLANG_WARN_DIRECT_OBJC_ISA_USAGE = YES_ERROR;
				CLANG_WARN_DOCUMENTATION_COMMENTS = YES;
				CLANG_WARN_EMPTY_BODY = YES;
				CLANG_WARN_ENUM_CONVERSION = YES;
				CLANG_WARN_INFINITE_RECURSION = YES;
				CLANG_WARN_INT_CONVERSION = YES;
				CLANG_WARN_NON_LITERAL_NULL_CONVERSION = YES;
				CLANG_WARN_OBJC_IMPLICIT_RETAIN_SELF = YES;
				CLANG_WARN_OBJC_LITERAL_CONVERSION = YES;
				CLANG_WARN_OBJC_ROOT_CLASS = YES_ERROR;
				CLANG_WARN_QUOTED_INCLUDE_IN_FRAMEWORK_HEADER = YES;
				CLANG_WARN_RANGE_LOOP_ANALYSIS = YES;
				CLANG_WARN_STRICT_PROTOTYPES = YES;
				CLANG_WARN_SUSPICIOUS_MOVE = YES;
				CLANG_WARN_UNGUARDED_AVAILABILITY = YES_AGGRESSIVE;
				CLANG_WARN_UNREACHABLE_CODE = YES;
				CLANG_WARN__DUPLICATE_METHOD_MATCH = YES;
				CODE_SIGN_STYLE = Automatic;
				COPY_PHASE_STRIP = NO;
				DEBUG_INFORMATION_FORMAT = "dwarf-with-dsym";
				DEVELOPMENT_TEAM = YZ78A69UF8;
				ENABLE_NS_ASSERTIONS = NO;
				ENABLE_STRICT_OBJC_MSGSEND = YES;
				GCC_C_LANGUAGE_STANDARD = gnu11;
				GCC_NO_COMMON_BLOCKS = YES;
				GCC_WARN_64_TO_32_BIT_CONVERSION = YES;
				GCC_WARN_ABOUT_RETURN_TYPE = YES_ERROR;
				GCC_WARN_UNDECLARED_SELECTOR = YES;
				GCC_WARN_UNINITIALIZED_AUTOS = YES_AGGRESSIVE;
				GCC_WARN_UNUSED_FUNCTION = YES;
				GCC_WARN_UNUSED_VARIABLE = YES;
				IPHONEOS_DEPLOYMENT_TARGET = 26.1;
				MTL_ENABLE_DEBUG_INFO = NO;
				MTL_FAST_MATH = YES;
				PRODUCT_NAME = "$(TARGET_NAME)";
				SDKROOT = iphoneos;
				SWIFT_COMPILATION_MODE = wholemodule;
				SWIFT_OPTIMIZATION_LEVEL = "-O";
				SWIFT_VERSION = 5.0;
			};
			name = Release;
		};
		24FA8E6156B4C7BC0E4FBECF /* Release */ = {
			isa = XCBuildConfiguration;
			buildSettings = {
				ASSETCATALOG_COMPILER_APPICON_NAME = AppIcon;
				CODE_SIGN_IDENTITY = "iPhone Developer";
				GENERATE_INFOPLIST_FILE = YES;
				INFOPLIST_KEY_CFBundleDisplayName = Swiftify;
				INFOPLIST_KEY_UILaunchScreen_Generation = YES;
				INFOPLIST_KEY_UISupportedInterfaceOrientations_iPhone = UIInterfaceOrientationPortrait;
				LD_RUNPATH_SEARCH_PATHS = (
					"$(inherited)",
					"@executable_path/Frameworks",
				);
				PRODUCT_BUNDLE_IDENTIFIER = com.moritzwendt.swiftify;
				SDKROOT = iphoneos;
				TARGETED_DEVICE_FAMILY = 1;
			};
			name = Release;
		};
		7C7DFC935C1AEB4D1031296E /* Debug */ = {
			isa = XCBuildConfiguration;
			buildSettings = {
				ALWAYS_SEARCH_USER_PATHS = NO;
				CLANG_ANALYZER_NONNULL = YES;
				CLANG_ANALYZER_NUMBER_OBJECT_CONVERSION = YES_AGGRESSIVE;
				CLANG_CXX_LANGUAGE_STANDARD = "gnu++14";
				CLANG_CXX_LIBRARY = "libc++";
				CLANG_ENABLE_MODULES = YES;
				CLANG_ENABLE_OBJC_ARC = YES;
				CLANG_ENABLE_OBJC_WEAK = YES;
				CLANG_WARN_BLOCK_CAPTURE_AUTORELEASING = YES;
				CLANG_WARN_BOOL_CONVERSION = YES;
				CLANG_WARN_COMMA = YES;
				CLANG_WARN_CONSTANT_CONVERSION = YES;
				CLANG_WARN_DEPRECATED_OBJC_IMPLEMENTATIONS = YES;
				CLANG_WARN_DIRECT_OBJC_ISA_USAGE = YES_ERROR;
				CLANG_WARN_DOCUMENTATION_COMMENTS = YES;
				CLANG_WARN_EMPTY_BODY = YES;
				CLANG_WARN_ENUM_CONVERSION = YES;
				CLANG_WARN_INFINITE_RECURSION = YES;
				CLANG_WARN_INT_CONVERSION = YES;
				CLANG_WARN_NON_LITERAL_NULL_CONVERSION = YES;
				CLANG_WARN_OBJC_IMPLICIT_RETAIN_SELF = YES;
				CLANG_WARN_OBJC_LITERAL_CONVERSION = YES;
				CLANG_WARN_OBJC_ROOT_CLASS = YES_ERROR;
				CLANG_WARN_QUOTED_INCLUDE_IN_FRAMEWORK_HEADER = YES;
				CLANG_WARN_RANGE_LOOP_ANALYSIS = YES;
				CLANG_WARN_STRICT_PROTOTYPES = YES;
				CLANG_WARN_SUSPICIOUS_MOVE = YES;
				CLANG_WARN_UNGUARDED_AVAILABILITY = YES_AGGRESSIVE;
				CLANG_WARN_UNREACHABLE_CODE = YES;
				CLANG_WARN__DUPLICATE_METHOD_MATCH = YES;
				CODE_SIGN_STYLE = Automatic;
				COPY_PHASE_STRIP = NO;
				DEBUG_INFORMATION_FORMAT = dwarf;
				DEVELOPMENT_TEAM = YZ78A69UF8;
				ENABLE_STRICT_OBJC_MSGSEND = YES;
				ENABLE_TESTABILITY = YES;
				GCC_C_LANGUAGE_STANDARD = gnu11;
				GCC_DYNAMIC_NO_PIC = NO;
				GCC_NO_COMMON_BLOCKS = YES;
				GCC_OPTIMIZATION_LEVEL = 0;
				GCC_PREPROCESSOR_DEFINITIONS = (
					"$(inherited)",
					"DEBUG=1",
				);
				GCC_WARN_64_TO_32_BIT_CONVERSION = YES;
				GCC_WARN_ABOUT_RETURN_TYPE = YES_ERROR;
				GCC_WARN_UNDECLARED_SELECTOR = YES;
				GCC_WARN_UNINITIALIZED_AUTOS = YES_AGGRESSIVE;
				GCC_WARN_UNUSED_FUNCTION = YES;
				GCC_WARN_UNUSED_VARIABLE = YES;
				IPHONEOS_DEPLOYMENT_TARGET = 26.1;
				MTL_ENABLE_DEBUG_INFO = INCLUDE_SOURCE;
				MTL_FAST_MATH = YES;
				ONLY_ACTIVE_ARCH = YES;
				PRODUCT_NAME = "$(TARGET_NAME)";
				SDKROOT = iphoneos;
				SWIFT_ACTIVE_COMPILATION_CONDITIONS = DEBUG;
				SWIFT_OPTIMIZATION_LEVEL = "-Onone";
				SWIFT_VERSION = 5.0;
			};
			name = Debug;
		};
/* End XCBuildConfiguration section */

/* Begin XCConfigurationList section */
		012F26313EA904084F192142 /* Build configuration list for PBXProject "Swiftify" */ = {
			isa = XCConfigurationList;
			buildConfigurations = (
				7C7DFC935C1AEB4D1031296E /* Debug */,
				0CCA2381C0F381239FB45181 /* Release */,
			);
			defaultConfigurationIsVisible = 0;
			defaultConfigurationName = Debug;
		};
		B952AB3A61690EF0EBD22171 /* Build configuration list for PBXNativeTarget "Swiftify" */ = {
			isa = XCConfigurationList;
			buildConfigurations = (
				0865A5140A76B14D283A654F /* Debug */,
				24FA8E6156B4C7BC0E4FBECF /* Release */,
			);
			defaultConfigurationIsVisible = 0;
			defaultConfigurationName = Debug;
		};
/* End XCConfigurationList section */
	};
	rootObject = AE621DF9396F7DD7613C711A /* Project object */;
}
